// !$*UTF8*$!
{
	archiveVersion = 1;
	classes = {
	};
	objectVersion = 55;
	objects = {

/* Begin PBXBuildFile section */
		F405AEA527078BF600DE3834 /* TweetCell.swift in Sources */ = {isa = PBXBuildFile; fileRef = F405AEA427078BF600DE3834 /* TweetCell.swift */; };
		F405AEA727078CA300DE3834 /* Reusable.swift in Sources */ = {isa = PBXBuildFile; fileRef = F405AEA627078CA300DE3834 /* Reusable.swift */; };
		F405AEA927078D8D00DE3834 /* Tweet.swift in Sources */ = {isa = PBXBuildFile; fileRef = F405AEA827078D8D00DE3834 /* Tweet.swift */; };
		F405AEAC2707920500DE3834 /* TweetCellBuilder.swift in Sources */ = {isa = PBXBuildFile; fileRef = F405AEAB2707920500DE3834 /* TweetCellBuilder.swift */; };
		F405AEAE270792EB00DE3834 /* Collection+Extensions.swift in Sources */ = {isa = PBXBuildFile; fileRef = F405AEAD270792EB00DE3834 /* Collection+Extensions.swift */; };
		F405AEB02707A15600DE3834 /* GoogleAPI.swift in Sources */ = {isa = PBXBuildFile; fileRef = F405AEAF2707A15600DE3834 /* GoogleAPI.swift */; };
		F405AEB32707A7F900DE3834 /* SentimentResponse.swift in Sources */ = {isa = PBXBuildFile; fileRef = F405AEB22707A7F900DE3834 /* SentimentResponse.swift */; };
		F405AEB52708AAA000DE3834 /* Sentiment.swift in Sources */ = {isa = PBXBuildFile; fileRef = F405AEB42708AAA000DE3834 /* Sentiment.swift */; };
		F405AEB92708AE3400DE3834 /* SentimentResponseProtocol.swift in Sources */ = {isa = PBXBuildFile; fileRef = F405AEB82708AE3400DE3834 /* SentimentResponseProtocol.swift */; };
		F405AEBB2708AE6100DE3834 /* SentimentValueProtocol.swift in Sources */ = {isa = PBXBuildFile; fileRef = F405AEBA2708AE6100DE3834 /* SentimentValueProtocol.swift */; };
		F405AEBD2708AE7A00DE3834 /* SentimentValue.swift in Sources */ = {isa = PBXBuildFile; fileRef = F405AEBC2708AE7A00DE3834 /* SentimentValue.swift */; };
		F405AEC02708AFBD00DE3834 /* UserResponseProtocol.swift in Sources */ = {isa = PBXBuildFile; fileRef = F405AEBF2708AFBD00DE3834 /* UserResponseProtocol.swift */; };
		F405AEC22708AFE300DE3834 /* TwitterUserProtocol.swift in Sources */ = {isa = PBXBuildFile; fileRef = F405AEC12708AFE300DE3834 /* TwitterUserProtocol.swift */; };
		F405AEC42708AFF500DE3834 /* TwitterUser.swift in Sources */ = {isa = PBXBuildFile; fileRef = F405AEC32708AFF500DE3834 /* TwitterUser.swift */; };
		F405AEE0270B454E00DE3834 /* TwitterUserMock.swift in Sources */ = {isa = PBXBuildFile; fileRef = F405AEC8270B377400DE3834 /* TwitterUserMock.swift */; };
		F405AEE1270B455100DE3834 /* SentimentMock.swift in Sources */ = {isa = PBXBuildFile; fileRef = F405AECA270B3D0300DE3834 /* SentimentMock.swift */; };
		F405AEE8270B45BE00DE3834 /* FeedViewSpec.swift in Sources */ = {isa = PBXBuildFile; fileRef = F405AEE7270B45BE00DE3834 /* FeedViewSpec.swift */; };
		F405AEEA270B46F700DE3834 /* FeedViewControllerMock.swift in Sources */ = {isa = PBXBuildFile; fileRef = F405AEE9270B46F700DE3834 /* FeedViewControllerMock.swift */; };
		F405AEED270B488900DE3834 /* SnapshotTesting in Frameworks */ = {isa = PBXBuildFile; productRef = F405AEEC270B488900DE3834 /* SnapshotTesting */; };
		F405AEEF270B496600DE3834 /* ServiceMock.swift in Sources */ = {isa = PBXBuildFile; fileRef = F405AEEE270B496600DE3834 /* ServiceMock.swift */; };
		F405AEF1270B49AF00DE3834 /* TweetsMock.swift in Sources */ = {isa = PBXBuildFile; fileRef = F405AEF0270B49AF00DE3834 /* TweetsMock.swift */; };
		F405AEF4270B4E0200DE3834 /* TweetsFeedViewModelTests.swift in Sources */ = {isa = PBXBuildFile; fileRef = F405AEF3270B4E0200DE3834 /* TweetsFeedViewModelTests.swift */; };
		F43C2B00270780D200B6B7C0 /* ViewCodable.swift in Sources */ = {isa = PBXBuildFile; fileRef = F43C2AFF270780D200B6B7C0 /* ViewCodable.swift */; };
		F43C2B032707811100B6B7C0 /* SnapKit in Frameworks */ = {isa = PBXBuildFile; productRef = F43C2B022707811100B6B7C0 /* SnapKit */; };
		F447773A2707414600D0FC7B /* AppDelegate.swift in Sources */ = {isa = PBXBuildFile; fileRef = F44777392707414600D0FC7B /* AppDelegate.swift */; };
		F44777432707414700D0FC7B /* Assets.xcassets in Resources */ = {isa = PBXBuildFile; fileRef = F44777422707414700D0FC7B /* Assets.xcassets */; };
		F44777462707414700D0FC7B /* LaunchScreen.storyboard in Resources */ = {isa = PBXBuildFile; fileRef = F44777442707414700D0FC7B /* LaunchScreen.storyboard */; };
		F447781227074B1E00D0FC7B /* NetworkManager.swift in Sources */ = {isa = PBXBuildFile; fileRef = F447777227074B1D00D0FC7B /* NetworkManager.swift */; };
		F447788327074B1E00D0FC7B /* TwitterAPI.swift in Sources */ = {isa = PBXBuildFile; fileRef = F44777FA27074B1E00D0FC7B /* TwitterAPI.swift */; };
		F447789227074B1E00D0FC7B /* TwitterService.swift in Sources */ = {isa = PBXBuildFile; fileRef = F447780C27074B1E00D0FC7B /* TwitterService.swift */; };
		F447795927074D5700D0FC7B /* NetworkManagerProtocol.swift in Sources */ = {isa = PBXBuildFile; fileRef = F447795827074D5700D0FC7B /* NetworkManagerProtocol.swift */; };
		F447795C27074EFC00D0FC7B /* NSNotification+Extensions.swift in Sources */ = {isa = PBXBuildFile; fileRef = F447795B27074EFC00D0FC7B /* NSNotification+Extensions.swift */; };
		F447795F2707501C00D0FC7B /* UserResponse.swift in Sources */ = {isa = PBXBuildFile; fileRef = F447795E2707501C00D0FC7B /* UserResponse.swift */; };
		F4477961270755BF00D0FC7B /* TweetsFeedViewModel.swift in Sources */ = {isa = PBXBuildFile; fileRef = F4477960270755BF00D0FC7B /* TweetsFeedViewModel.swift */; };
		F44779642707563100D0FC7B /* TweetsFeedViewController.swift in Sources */ = {isa = PBXBuildFile; fileRef = F44779632707563100D0FC7B /* TweetsFeedViewController.swift */; };
		F4477967270757E800D0FC7B /* FeedView.swift in Sources */ = {isa = PBXBuildFile; fileRef = F4477966270757E800D0FC7B /* FeedView.swift */; };
/* End PBXBuildFile section */

/* Begin PBXContainerItemProxy section */
		F405AEDB270B453B00DE3834 /* PBXContainerItemProxy */ = {
			isa = PBXContainerItemProxy;
			containerPortal = F447772E2707414500D0FC7B /* Project object */;
			proxyType = 1;
			remoteGlobalIDString = F44777352707414500D0FC7B;
			remoteInfo = TweetFeelings;
		};
/* End PBXContainerItemProxy section */

/* Begin PBXFileReference section */
		F405AEA427078BF600DE3834 /* TweetCell.swift */ = {isa = PBXFileReference; lastKnownFileType = sourcecode.swift; path = TweetCell.swift; sourceTree = "<group>"; };
		F405AEA627078CA300DE3834 /* Reusable.swift */ = {isa = PBXFileReference; lastKnownFileType = sourcecode.swift; path = Reusable.swift; sourceTree = "<group>"; };
		F405AEA827078D8D00DE3834 /* Tweet.swift */ = {isa = PBXFileReference; lastKnownFileType = sourcecode.swift; path = Tweet.swift; sourceTree = "<group>"; };
		F405AEAB2707920500DE3834 /* TweetCellBuilder.swift */ = {isa = PBXFileReference; lastKnownFileType = sourcecode.swift; path = TweetCellBuilder.swift; sourceTree = "<group>"; };
		F405AEAD270792EB00DE3834 /* Collection+Extensions.swift */ = {isa = PBXFileReference; lastKnownFileType = sourcecode.swift; path = "Collection+Extensions.swift"; sourceTree = "<group>"; };
		F405AEAF2707A15600DE3834 /* GoogleAPI.swift */ = {isa = PBXFileReference; lastKnownFileType = sourcecode.swift; path = GoogleAPI.swift; sourceTree = "<group>"; };
		F405AEB22707A7F900DE3834 /* SentimentResponse.swift */ = {isa = PBXFileReference; lastKnownFileType = sourcecode.swift; path = SentimentResponse.swift; sourceTree = "<group>"; };
		F405AEB42708AAA000DE3834 /* Sentiment.swift */ = {isa = PBXFileReference; lastKnownFileType = sourcecode.swift; path = Sentiment.swift; sourceTree = "<group>"; };
		F405AEB82708AE3400DE3834 /* SentimentResponseProtocol.swift */ = {isa = PBXFileReference; lastKnownFileType = sourcecode.swift; path = SentimentResponseProtocol.swift; sourceTree = "<group>"; };
		F405AEBA2708AE6100DE3834 /* SentimentValueProtocol.swift */ = {isa = PBXFileReference; lastKnownFileType = sourcecode.swift; path = SentimentValueProtocol.swift; sourceTree = "<group>"; };
		F405AEBC2708AE7A00DE3834 /* SentimentValue.swift */ = {isa = PBXFileReference; lastKnownFileType = sourcecode.swift; path = SentimentValue.swift; sourceTree = "<group>"; };
		F405AEBF2708AFBD00DE3834 /* UserResponseProtocol.swift */ = {isa = PBXFileReference; lastKnownFileType = sourcecode.swift; path = UserResponseProtocol.swift; sourceTree = "<group>"; };
		F405AEC12708AFE300DE3834 /* TwitterUserProtocol.swift */ = {isa = PBXFileReference; lastKnownFileType = sourcecode.swift; path = TwitterUserProtocol.swift; sourceTree = "<group>"; };
		F405AEC32708AFF500DE3834 /* TwitterUser.swift */ = {isa = PBXFileReference; lastKnownFileType = sourcecode.swift; path = TwitterUser.swift; sourceTree = "<group>"; };
		F405AEC8270B377400DE3834 /* TwitterUserMock.swift */ = {isa = PBXFileReference; lastKnownFileType = sourcecode.swift; path = TwitterUserMock.swift; sourceTree = "<group>"; };
		F405AECA270B3D0300DE3834 /* SentimentMock.swift */ = {isa = PBXFileReference; lastKnownFileType = sourcecode.swift; path = SentimentMock.swift; sourceTree = "<group>"; };
		F405AED7270B453B00DE3834 /* TweetFeelingsTests.xctest */ = {isa = PBXFileReference; explicitFileType = wrapper.cfbundle; includeInIndex = 0; path = TweetFeelingsTests.xctest; sourceTree = BUILT_PRODUCTS_DIR; };
		F405AEE7270B45BE00DE3834 /* FeedViewSpec.swift */ = {isa = PBXFileReference; lastKnownFileType = sourcecode.swift; name = FeedViewSpec.swift; path = TweetFeelingsTests/Mocks/FeedViewSpec.swift; sourceTree = SOURCE_ROOT; };
		F405AEE9270B46F700DE3834 /* FeedViewControllerMock.swift */ = {isa = PBXFileReference; lastKnownFileType = sourcecode.swift; path = FeedViewControllerMock.swift; sourceTree = "<group>"; };
		F405AEEE270B496600DE3834 /* ServiceMock.swift */ = {isa = PBXFileReference; lastKnownFileType = sourcecode.swift; path = ServiceMock.swift; sourceTree = "<group>"; };
		F405AEF0270B49AF00DE3834 /* TweetsMock.swift */ = {isa = PBXFileReference; lastKnownFileType = sourcecode.swift; path = TweetsMock.swift; sourceTree = "<group>"; };
		F405AEF3270B4E0200DE3834 /* TweetsFeedViewModelTests.swift */ = {isa = PBXFileReference; lastKnownFileType = sourcecode.swift; name = TweetsFeedViewModelTests.swift; path = TweetFeelingsTests/Mocks/TweetsFeedViewModelTests.swift; sourceTree = SOURCE_ROOT; };
		F43C2AFF270780D200B6B7C0 /* ViewCodable.swift */ = {isa = PBXFileReference; lastKnownFileType = sourcecode.swift; path = ViewCodable.swift; sourceTree = "<group>"; };
		F44777362707414600D0FC7B /* TweetFeelings.app */ = {isa = PBXFileReference; explicitFileType = wrapper.application; includeInIndex = 0; path = TweetFeelings.app; sourceTree = BUILT_PRODUCTS_DIR; };
		F44777392707414600D0FC7B /* AppDelegate.swift */ = {isa = PBXFileReference; lastKnownFileType = sourcecode.swift; path = AppDelegate.swift; sourceTree = "<group>"; };
		F44777422707414700D0FC7B /* Assets.xcassets */ = {isa = PBXFileReference; lastKnownFileType = folder.assetcatalog; path = Assets.xcassets; sourceTree = "<group>"; };
		F44777452707414700D0FC7B /* Base */ = {isa = PBXFileReference; lastKnownFileType = file.storyboard; name = Base; path = Base.lproj/LaunchScreen.storyboard; sourceTree = "<group>"; };
		F44777472707414700D0FC7B /* Info.plist */ = {isa = PBXFileReference; lastKnownFileType = text.plist.xml; path = Info.plist; sourceTree = "<group>"; };
		F447777227074B1D00D0FC7B /* NetworkManager.swift */ = {isa = PBXFileReference; fileEncoding = 4; lastKnownFileType = sourcecode.swift; path = NetworkManager.swift; sourceTree = "<group>"; };
		F44777FA27074B1E00D0FC7B /* TwitterAPI.swift */ = {isa = PBXFileReference; fileEncoding = 4; lastKnownFileType = sourcecode.swift; path = TwitterAPI.swift; sourceTree = "<group>"; };
		F447780C27074B1E00D0FC7B /* TwitterService.swift */ = {isa = PBXFileReference; fileEncoding = 4; lastKnownFileType = sourcecode.swift; path = TwitterService.swift; sourceTree = "<group>"; };
		F447795827074D5700D0FC7B /* NetworkManagerProtocol.swift */ = {isa = PBXFileReference; fileEncoding = 4; lastKnownFileType = sourcecode.swift; path = NetworkManagerProtocol.swift; sourceTree = "<group>"; };
		F447795B27074EFC00D0FC7B /* NSNotification+Extensions.swift */ = {isa = PBXFileReference; lastKnownFileType = sourcecode.swift; path = "NSNotification+Extensions.swift"; sourceTree = "<group>"; };
		F447795E2707501C00D0FC7B /* UserResponse.swift */ = {isa = PBXFileReference; lastKnownFileType = sourcecode.swift; path = UserResponse.swift; sourceTree = "<group>"; };
		F4477960270755BF00D0FC7B /* TweetsFeedViewModel.swift */ = {isa = PBXFileReference; lastKnownFileType = sourcecode.swift; path = TweetsFeedViewModel.swift; sourceTree = "<group>"; };
		F44779632707563100D0FC7B /* TweetsFeedViewController.swift */ = {isa = PBXFileReference; lastKnownFileType = sourcecode.swift; path = TweetsFeedViewController.swift; sourceTree = "<group>"; };
		F4477966270757E800D0FC7B /* FeedView.swift */ = {isa = PBXFileReference; lastKnownFileType = sourcecode.swift; path = FeedView.swift; sourceTree = "<group>"; };
/* End PBXFileReference section */

/* Begin PBXFrameworksBuildPhase section */
		F405AED4270B453B00DE3834 /* Frameworks */ = {
			isa = PBXFrameworksBuildPhase;
			buildActionMask = 2147483647;
			files = (
				F405AEED270B488900DE3834 /* SnapshotTesting in Frameworks */,
			);
			runOnlyForDeploymentPostprocessing = 0;
		};
		F44777332707414500D0FC7B /* Frameworks */ = {
			isa = PBXFrameworksBuildPhase;
			buildActionMask = 2147483647;
			files = (
				F43C2B032707811100B6B7C0 /* SnapKit in Frameworks */,
			);
			runOnlyForDeploymentPostprocessing = 0;
		};
/* End PBXFrameworksBuildPhase section */

/* Begin PBXGroup section */
		F405AEA027078B7000DE3834 /* Flows */ = {
			isa = PBXGroup;
			children = (
				F405AEB62708ABA400DE3834 /* Application */,
				F405AEA127078B7900DE3834 /* Feed */,
			);
			path = Flows;
			sourceTree = "<group>";
		};
		F405AEA127078B7900DE3834 /* Feed */ = {
			isa = PBXGroup;
			children = (
				F4477965270757DE00D0FC7B /* View */,
				F44779622707562100D0FC7B /* ViewController */,
				F405AEA227078B9100DE3834 /* ViewModel */,
			);
			path = Feed;
			sourceTree = "<group>";
		};
		F405AEA227078B9100DE3834 /* ViewModel */ = {
			isa = PBXGroup;
			children = (
				F4477960270755BF00D0FC7B /* TweetsFeedViewModel.swift */,
			);
			path = ViewModel;
			sourceTree = "<group>";
		};
		F405AEA327078BAA00DE3834 /* Assets */ = {
			isa = PBXGroup;
			children = (
				F44777442707414700D0FC7B /* LaunchScreen.storyboard */,
				F44777472707414700D0FC7B /* Info.plist */,
				F44777422707414700D0FC7B /* Assets.xcassets */,
			);
			path = Assets;
			sourceTree = "<group>";
		};
		F405AEAA270791F600DE3834 /* TweetCell */ = {
			isa = PBXGroup;
			children = (
				F405AEA427078BF600DE3834 /* TweetCell.swift */,
				F405AEAB2707920500DE3834 /* TweetCellBuilder.swift */,
			);
			path = TweetCell;
			sourceTree = "<group>";
		};
		F405AEB12707A7DE00DE3834 /* Google */ = {
			isa = PBXGroup;
			children = (
				F405AEB22707A7F900DE3834 /* SentimentResponse.swift */,
				F405AEB42708AAA000DE3834 /* Sentiment.swift */,
				F405AEBC2708AE7A00DE3834 /* SentimentValue.swift */,
			);
			path = Google;
			sourceTree = "<group>";
		};
		F405AEB62708ABA400DE3834 /* Application */ = {
			isa = PBXGroup;
			children = (
				F44777392707414600D0FC7B /* AppDelegate.swift */,
			);
			path = Application;
			sourceTree = "<group>";
		};
		F405AEB72708AD0900DE3834 /* Google */ = {
			isa = PBXGroup;
			children = (
				F405AEB82708AE3400DE3834 /* SentimentResponseProtocol.swift */,
				F405AEBA2708AE6100DE3834 /* SentimentValueProtocol.swift */,
			);
			path = Google;
			sourceTree = "<group>";
		};
		F405AEBE2708AEBD00DE3834 /* Twitter */ = {
			isa = PBXGroup;
			children = (
				F405AEBF2708AFBD00DE3834 /* UserResponseProtocol.swift */,
				F405AEC12708AFE300DE3834 /* TwitterUserProtocol.swift */,
			);
			path = Twitter;
			sourceTree = "<group>";
		};
		F405AEC52708B46300DE3834 /* Models */ = {
			isa = PBXGroup;
			children = (
				F447795D27074FF700D0FC7B /* Twitter */,
				F405AEB12707A7DE00DE3834 /* Google */,
			);
			path = Models;
			sourceTree = "<group>";
		};
		F405AEC62708B48700DE3834 /* Model-Protocols */ = {
			isa = PBXGroup;
			children = (
				F405AEBE2708AEBD00DE3834 /* Twitter */,
				F405AEB72708AD0900DE3834 /* Google */,
			);
			path = "Model-Protocols";
			sourceTree = "<group>";
		};
		F405AEC7270B375900DE3834 /* Mocks */ = {
			isa = PBXGroup;
			children = (
				F405AEC8270B377400DE3834 /* TwitterUserMock.swift */,
				F405AECA270B3D0300DE3834 /* SentimentMock.swift */,
				F405AEE9270B46F700DE3834 /* FeedViewControllerMock.swift */,
				F405AEEE270B496600DE3834 /* ServiceMock.swift */,
				F405AEF0270B49AF00DE3834 /* TweetsMock.swift */,
			);
			path = Mocks;
			sourceTree = "<group>";
		};
		F405AED8270B453B00DE3834 /* TweetFeelingsTests */ = {
			isa = PBXGroup;
			children = (
				F405AEF2270B4DEE00DE3834 /* ViewModel */,
				F405AEE6270B458500DE3834 /* View */,
				F405AEC7270B375900DE3834 /* Mocks */,
			);
			path = TweetFeelingsTests;
			sourceTree = "<group>";
		};
		F405AEE6270B458500DE3834 /* View */ = {
			isa = PBXGroup;
			children = (
				F405AEE7270B45BE00DE3834 /* FeedViewSpec.swift */,
			);
			path = View;
			sourceTree = "<group>";
		};
		F405AEEB270B488900DE3834 /* Frameworks */ = {
			isa = PBXGroup;
			children = (
			);
			name = Frameworks;
			sourceTree = "<group>";
		};
		F405AEF2270B4DEE00DE3834 /* ViewModel */ = {
			isa = PBXGroup;
			children = (
				F405AEF3270B4E0200DE3834 /* TweetsFeedViewModelTests.swift */,
			);
			path = ViewModel;
			sourceTree = "<group>";
		};
		F43C2AFE270780C600B6B7C0 /* Protocols */ = {
			isa = PBXGroup;
			children = (
				F405AEC62708B48700DE3834 /* Model-Protocols */,
				F447795827074D5700D0FC7B /* NetworkManagerProtocol.swift */,
				F405AEA627078CA300DE3834 /* Reusable.swift */,
				F43C2AFF270780D200B6B7C0 /* ViewCodable.swift */,
			);
			path = Protocols;
			sourceTree = "<group>";
		};
		F447772D2707414500D0FC7B = {
			isa = PBXGroup;
			children = (
				F44777382707414600D0FC7B /* TweetFeelings */,
				F405AED8270B453B00DE3834 /* TweetFeelingsTests */,
				F44777372707414600D0FC7B /* Products */,
				F405AEEB270B488900DE3834 /* Frameworks */,
			);
			sourceTree = "<group>";
		};
		F44777372707414600D0FC7B /* Products */ = {
			isa = PBXGroup;
			children = (
				F44777362707414600D0FC7B /* TweetFeelings.app */,
				F405AED7270B453B00DE3834 /* TweetFeelingsTests.xctest */,
			);
			name = Products;
			sourceTree = "<group>";
		};
		F44777382707414600D0FC7B /* TweetFeelings */ = {
			isa = PBXGroup;
			children = (
				F405AEA327078BAA00DE3834 /* Assets */,
				F447795A27074EE100D0FC7B /* Extensions */,
				F405AEA027078B7000DE3834 /* Flows */,
				F405AEC52708B46300DE3834 /* Models */,
				F447776927074ABC00D0FC7B /* Network */,
				F43C2AFE270780C600B6B7C0 /* Protocols */,
			);
			path = TweetFeelings;
			sourceTree = "<group>";
		};
		F447776927074ABC00D0FC7B /* Network */ = {
			isa = PBXGroup;
			children = (
				F44777F627074B1E00D0FC7B /* API */,
				F447777227074B1D00D0FC7B /* NetworkManager.swift */,
				F44777FD27074B1E00D0FC7B /* Services */,
			);
			path = Network;
			sourceTree = "<group>";
		};
		F44777F627074B1E00D0FC7B /* API */ = {
			isa = PBXGroup;
			children = (
				F44777FA27074B1E00D0FC7B /* TwitterAPI.swift */,
				F405AEAF2707A15600DE3834 /* GoogleAPI.swift */,
			);
			path = API;
			sourceTree = "<group>";
		};
		F44777FD27074B1E00D0FC7B /* Services */ = {
			isa = PBXGroup;
			children = (
				F447780C27074B1E00D0FC7B /* TwitterService.swift */,
			);
			path = Services;
			sourceTree = "<group>";
		};
		F447795A27074EE100D0FC7B /* Extensions */ = {
			isa = PBXGroup;
			children = (
				F447795B27074EFC00D0FC7B /* NSNotification+Extensions.swift */,
				F405AEAD270792EB00DE3834 /* Collection+Extensions.swift */,
			);
			path = Extensions;
			sourceTree = "<group>";
		};
		F447795D27074FF700D0FC7B /* Twitter */ = {
			isa = PBXGroup;
			children = (
				F447795E2707501C00D0FC7B /* UserResponse.swift */,
				F405AEA827078D8D00DE3834 /* Tweet.swift */,
				F405AEC32708AFF500DE3834 /* TwitterUser.swift */,
			);
			path = Twitter;
			sourceTree = "<group>";
		};
		F44779622707562100D0FC7B /* ViewController */ = {
			isa = PBXGroup;
			children = (
				F44779632707563100D0FC7B /* TweetsFeedViewController.swift */,
			);
			path = ViewController;
			sourceTree = "<group>";
		};
		F4477965270757DE00D0FC7B /* View */ = {
			isa = PBXGroup;
			children = (
				F405AEAA270791F600DE3834 /* TweetCell */,
				F4477966270757E800D0FC7B /* FeedView.swift */,
			);
			path = View;
			sourceTree = "<group>";
		};
/* End PBXGroup section */

/* Begin PBXNativeTarget section */
		F405AED6270B453B00DE3834 /* TweetFeelingsTests */ = {
			isa = PBXNativeTarget;
			buildConfigurationList = F405AEDD270B453B00DE3834 /* Build configuration list for PBXNativeTarget "TweetFeelingsTests" */;
			buildPhases = (
				F405AED3270B453B00DE3834 /* Sources */,
				F405AED4270B453B00DE3834 /* Frameworks */,
				F405AED5270B453B00DE3834 /* Resources */,
			);
			buildRules = (
			);
			dependencies = (
				F405AEE5270B456700DE3834 /* PBXTargetDependency */,
				F405AEDC270B453B00DE3834 /* PBXTargetDependency */,
			);
			name = TweetFeelingsTests;
			packageProductDependencies = (
				F405AEEC270B488900DE3834 /* SnapshotTesting */,
			);
			productName = TweetFeelingsTests;
			productReference = F405AED7270B453B00DE3834 /* TweetFeelingsTests.xctest */;
			productType = "com.apple.product-type.bundle.unit-test";
		};
		F44777352707414500D0FC7B /* TweetFeelings */ = {
			isa = PBXNativeTarget;
			buildConfigurationList = F44777602707414700D0FC7B /* Build configuration list for PBXNativeTarget "TweetFeelings" */;
			buildPhases = (
				F44777322707414500D0FC7B /* Sources */,
				F44777332707414500D0FC7B /* Frameworks */,
				F44777342707414500D0FC7B /* Resources */,
			);
			buildRules = (
			);
			dependencies = (
			);
			name = TweetFeelings;
			packageProductDependencies = (
				F43C2B022707811100B6B7C0 /* SnapKit */,
			);
			productName = TweetFeelings;
			productReference = F44777362707414600D0FC7B /* TweetFeelings.app */;
			productType = "com.apple.product-type.application";
		};
/* End PBXNativeTarget section */

/* Begin PBXProject section */
		F447772E2707414500D0FC7B /* Project object */ = {
			isa = PBXProject;
			attributes = {
				BuildIndependentTargetsInParallel = 1;
				LastSwiftUpdateCheck = 1300;
				LastUpgradeCheck = 1300;
				TargetAttributes = {
					F405AED6270B453B00DE3834 = {
						CreatedOnToolsVersion = 13.0;
						TestTargetID = F44777352707414500D0FC7B;
					};
					F44777352707414500D0FC7B = {
						CreatedOnToolsVersion = 13.0;
					};
				};
			};
			buildConfigurationList = F44777312707414500D0FC7B /* Build configuration list for PBXProject "TweetFeelings" */;
			compatibilityVersion = "Xcode 13.0";
			developmentRegion = en;
			hasScannedForEncodings = 0;
			knownRegions = (
				en,
				Base,
			);
			mainGroup = F447772D2707414500D0FC7B;
			packageReferences = (
				F43C2B012707811100B6B7C0 /* XCRemoteSwiftPackageReference "SnapKit" */,
				F405AECC270B423000DE3834 /* XCRemoteSwiftPackageReference "swift-snapshot-testing" */,
			);
			productRefGroup = F44777372707414600D0FC7B /* Products */;
			projectDirPath = "";
			projectRoot = "";
			targets = (
				F44777352707414500D0FC7B /* TweetFeelings */,
				F405AED6270B453B00DE3834 /* TweetFeelingsTests */,
			);
		};
/* End PBXProject section */

/* Begin PBXResourcesBuildPhase section */
		F405AED5270B453B00DE3834 /* Resources */ = {
			isa = PBXResourcesBuildPhase;
			buildActionMask = 2147483647;
			files = (
			);
			runOnlyForDeploymentPostprocessing = 0;
		};
		F44777342707414500D0FC7B /* Resources */ = {
			isa = PBXResourcesBuildPhase;
			buildActionMask = 2147483647;
			files = (
				F44777462707414700D0FC7B /* LaunchScreen.storyboard in Resources */,
				F44777432707414700D0FC7B /* Assets.xcassets in Resources */,
			);
			runOnlyForDeploymentPostprocessing = 0;
		};
/* End PBXResourcesBuildPhase section */

/* Begin PBXSourcesBuildPhase section */
		F405AED3270B453B00DE3834 /* Sources */ = {
			isa = PBXSourcesBuildPhase;
			buildActionMask = 2147483647;
			files = (
				F405AEEA270B46F700DE3834 /* FeedViewControllerMock.swift in Sources */,
				F405AEF1270B49AF00DE3834 /* TweetsMock.swift in Sources */,
				F405AEF4270B4E0200DE3834 /* TweetsFeedViewModelTests.swift in Sources */,
				F405AEEF270B496600DE3834 /* ServiceMock.swift in Sources */,
				F405AEE8270B45BE00DE3834 /* FeedViewSpec.swift in Sources */,
				F405AEE0270B454E00DE3834 /* TwitterUserMock.swift in Sources */,
				F405AEE1270B455100DE3834 /* SentimentMock.swift in Sources */,
			);
			runOnlyForDeploymentPostprocessing = 0;
		};
		F44777322707414500D0FC7B /* Sources */ = {
			isa = PBXSourcesBuildPhase;
			buildActionMask = 2147483647;
			files = (
				F405AEC22708AFE300DE3834 /* TwitterUserProtocol.swift in Sources */,
				F447795927074D5700D0FC7B /* NetworkManagerProtocol.swift in Sources */,
				F405AEA527078BF600DE3834 /* TweetCell.swift in Sources */,
				F447773A2707414600D0FC7B /* AppDelegate.swift in Sources */,
				F405AEC02708AFBD00DE3834 /* UserResponseProtocol.swift in Sources */,
				F405AEBB2708AE6100DE3834 /* SentimentValueProtocol.swift in Sources */,
				F405AEB52708AAA000DE3834 /* Sentiment.swift in Sources */,
				F4477967270757E800D0FC7B /* FeedView.swift in Sources */,
				F43C2B00270780D200B6B7C0 /* ViewCodable.swift in Sources */,
				F405AEB92708AE3400DE3834 /* SentimentResponseProtocol.swift in Sources */,
				F405AEAC2707920500DE3834 /* TweetCellBuilder.swift in Sources */,
				F447781227074B1E00D0FC7B /* NetworkManager.swift in Sources */,
				F44779642707563100D0FC7B /* TweetsFeedViewController.swift in Sources */,
				F405AEA727078CA300DE3834 /* Reusable.swift in Sources */,
				F447795C27074EFC00D0FC7B /* NSNotification+Extensions.swift in Sources */,
				F447795F2707501C00D0FC7B /* UserResponse.swift in Sources */,
				F405AEB02707A15600DE3834 /* GoogleAPI.swift in Sources */,
				F447788327074B1E00D0FC7B /* TwitterAPI.swift in Sources */,
				F4477961270755BF00D0FC7B /* TweetsFeedViewModel.swift in Sources */,
				F405AEBD2708AE7A00DE3834 /* SentimentValue.swift in Sources */,
				F405AEC42708AFF500DE3834 /* TwitterUser.swift in Sources */,
				F447789227074B1E00D0FC7B /* TwitterService.swift in Sources */,
				F405AEA927078D8D00DE3834 /* Tweet.swift in Sources */,
				F405AEAE270792EB00DE3834 /* Collection+Extensions.swift in Sources */,
				F405AEB32707A7F900DE3834 /* SentimentResponse.swift in Sources */,
			);
			runOnlyForDeploymentPostprocessing = 0;
		};
/* End PBXSourcesBuildPhase section */

/* Begin PBXTargetDependency section */
		F405AEDC270B453B00DE3834 /* PBXTargetDependency */ = {
			isa = PBXTargetDependency;
			target = F44777352707414500D0FC7B /* TweetFeelings */;
			targetProxy = F405AEDB270B453B00DE3834 /* PBXContainerItemProxy */;
		};
		F405AEE5270B456700DE3834 /* PBXTargetDependency */ = {
			isa = PBXTargetDependency;
			productRef = F405AEE4270B456700DE3834 /* SnapshotTesting */;
		};
/* End PBXTargetDependency section */

/* Begin PBXVariantGroup section */
		F44777442707414700D0FC7B /* LaunchScreen.storyboard */ = {
			isa = PBXVariantGroup;
			children = (
				F44777452707414700D0FC7B /* Base */,
			);
			name = LaunchScreen.storyboard;
			sourceTree = "<group>";
		};
/* End PBXVariantGroup section */

/* Begin XCBuildConfiguration section */
		F405AEDE270B453B00DE3834 /* Debug */ = {
			isa = XCBuildConfiguration;
			buildSettings = {
				BUNDLE_LOADER = "$(TEST_HOST)";
				CODE_SIGN_STYLE = Automatic;
				CURRENT_PROJECT_VERSION = 1;
				DEVELOPMENT_TEAM = C5676RKFWG;
				GENERATE_INFOPLIST_FILE = YES;
				LD_RUNPATH_SEARCH_PATHS = (
					"$(inherited)",
					"@executable_path/Frameworks",
					"@loader_path/Frameworks",
				);
				MARKETING_VERSION = 1.0;
				PRODUCT_BUNDLE_IDENTIFIER = com.andreParente.TweetFeelingsTests;
				PRODUCT_NAME = "$(TARGET_NAME)";
				SWIFT_EMIT_LOC_STRINGS = NO;
				SWIFT_VERSION = 5.0;
				TARGETED_DEVICE_FAMILY = "1,2";
				TEST_HOST = "$(BUILT_PRODUCTS_DIR)/TweetFeelings.app/TweetFeelings";
			};
			name = Debug;
		};
		F405AEDF270B453B00DE3834 /* Release */ = {
			isa = XCBuildConfiguration;
			buildSettings = {
				BUNDLE_LOADER = "$(TEST_HOST)";
				CODE_SIGN_STYLE = Automatic;
				CURRENT_PROJECT_VERSION = 1;
				DEVELOPMENT_TEAM = C5676RKFWG;
				GENERATE_INFOPLIST_FILE = YES;
				LD_RUNPATH_SEARCH_PATHS = (
					"$(inherited)",
					"@executable_path/Frameworks",
					"@loader_path/Frameworks",
				);
				MARKETING_VERSION = 1.0;
				PRODUCT_BUNDLE_IDENTIFIER = com.andreParente.TweetFeelingsTests;
				PRODUCT_NAME = "$(TARGET_NAME)";
				SWIFT_EMIT_LOC_STRINGS = NO;
				SWIFT_VERSION = 5.0;
				TARGETED_DEVICE_FAMILY = "1,2";
				TEST_HOST = "$(BUILT_PRODUCTS_DIR)/TweetFeelings.app/TweetFeelings";
			};
			name = Release;
		};
		F447775E2707414700D0FC7B /* Debug */ = {
			isa = XCBuildConfiguration;
			buildSettings = {
				ALWAYS_SEARCH_USER_PATHS = NO;
				CLANG_ANALYZER_NONNULL = YES;
				CLANG_ANALYZER_NUMBER_OBJECT_CONVERSION = YES_AGGRESSIVE;
				CLANG_CXX_LANGUAGE_STANDARD = "gnu++17";
				CLANG_CXX_LIBRARY = "libc++";
				CLANG_ENABLE_MODULES = YES;
				CLANG_ENABLE_OBJC_ARC = YES;
				CLANG_ENABLE_OBJC_WEAK = YES;
				CLANG_WARN_BLOCK_CAPTURE_AUTORELEASING = YES;
				CLANG_WARN_BOOL_CONVERSION = YES;
				CLANG_WARN_COMMA = YES;
				CLANG_WARN_CONSTANT_CONVERSION = YES;
				CLANG_WARN_DEPRECATED_OBJC_IMPLEMENTATIONS = YES;
				CLANG_WARN_DIRECT_OBJC_ISA_USAGE = YES_ERROR;
				CLANG_WARN_DOCUMENTATION_COMMENTS = YES;
				CLANG_WARN_EMPTY_BODY = YES;
				CLANG_WARN_ENUM_CONVERSION = YES;
				CLANG_WARN_INFINITE_RECURSION = YES;
				CLANG_WARN_INT_CONVERSION = YES;
				CLANG_WARN_NON_LITERAL_NULL_CONVERSION = YES;
				CLANG_WARN_OBJC_IMPLICIT_RETAIN_SELF = YES;
				CLANG_WARN_OBJC_LITERAL_CONVERSION = YES;
				CLANG_WARN_OBJC_ROOT_CLASS = YES_ERROR;
				CLANG_WARN_QUOTED_INCLUDE_IN_FRAMEWORK_HEADER = YES;
				CLANG_WARN_RANGE_LOOP_ANALYSIS = YES;
				CLANG_WARN_STRICT_PROTOTYPES = YES;
				CLANG_WARN_SUSPICIOUS_MOVE = YES;
				CLANG_WARN_UNGUARDED_AVAILABILITY = YES_AGGRESSIVE;
				CLANG_WARN_UNREACHABLE_CODE = YES;
				CLANG_WARN__DUPLICATE_METHOD_MATCH = YES;
				COPY_PHASE_STRIP = NO;
				DEBUG_INFORMATION_FORMAT = dwarf;
				ENABLE_STRICT_OBJC_MSGSEND = YES;
				ENABLE_TESTABILITY = YES;
				GCC_C_LANGUAGE_STANDARD = gnu11;
				GCC_DYNAMIC_NO_PIC = NO;
				GCC_NO_COMMON_BLOCKS = YES;
				GCC_OPTIMIZATION_LEVEL = 0;
				GCC_PREPROCESSOR_DEFINITIONS = (
					"DEBUG=1",
					"$(inherited)",
				);
				GCC_WARN_64_TO_32_BIT_CONVERSION = YES;
				GCC_WARN_ABOUT_RETURN_TYPE = YES_ERROR;
				GCC_WARN_UNDECLARED_SELECTOR = YES;
				GCC_WARN_UNINITIALIZED_AUTOS = YES_AGGRESSIVE;
				GCC_WARN_UNUSED_FUNCTION = YES;
				GCC_WARN_UNUSED_VARIABLE = YES;
				IPHONEOS_DEPLOYMENT_TARGET = 15.0;
				MTL_ENABLE_DEBUG_INFO = INCLUDE_SOURCE;
				MTL_FAST_MATH = YES;
				ONLY_ACTIVE_ARCH = YES;
				SDKROOT = iphoneos;
				SWIFT_ACTIVE_COMPILATION_CONDITIONS = DEBUG;
				SWIFT_OPTIMIZATION_LEVEL = "-Onone";
			};
			name = Debug;
		};
		F447775F2707414700D0FC7B /* Release */ = {
			isa = XCBuildConfiguration;
			buildSettings = {
				ALWAYS_SEARCH_USER_PATHS = NO;
				CLANG_ANALYZER_NONNULL = YES;
				CLANG_ANALYZER_NUMBER_OBJECT_CONVERSION = YES_AGGRESSIVE;
				CLANG_CXX_LANGUAGE_STANDARD = "gnu++17";
				CLANG_CXX_LIBRARY = "libc++";
				CLANG_ENABLE_MODULES = YES;
				CLANG_ENABLE_OBJC_ARC = YES;
				CLANG_ENABLE_OBJC_WEAK = YES;
				CLANG_WARN_BLOCK_CAPTURE_AUTORELEASING = YES;
				CLANG_WARN_BOOL_CONVERSION = YES;
				CLANG_WARN_COMMA = YES;
				CLANG_WARN_CONSTANT_CONVERSION = YES;
				CLANG_WARN_DEPRECATED_OBJC_IMPLEMENTATIONS = YES;
				CLANG_WARN_DIRECT_OBJC_ISA_USAGE = YES_ERROR;
				CLANG_WARN_DOCUMENTATION_COMMENTS = YES;
				CLANG_WARN_EMPTY_BODY = YES;
				CLANG_WARN_ENUM_CONVERSION = YES;
				CLANG_WARN_INFINITE_RECURSION = YES;
				CLANG_WARN_INT_CONVERSION = YES;
				CLANG_WARN_NON_LITERAL_NULL_CONVERSION = YES;
				CLANG_WARN_OBJC_IMPLICIT_RETAIN_SELF = YES;
				CLANG_WARN_OBJC_LITERAL_CONVERSION = YES;
				CLANG_WARN_OBJC_ROOT_CLASS = YES_ERROR;
				CLANG_WARN_QUOTED_INCLUDE_IN_FRAMEWORK_HEADER = YES;
				CLANG_WARN_RANGE_LOOP_ANALYSIS = YES;
				CLANG_WARN_STRICT_PROTOTYPES = YES;
				CLANG_WARN_SUSPICIOUS_MOVE = YES;
				CLANG_WARN_UNGUARDED_AVAILABILITY = YES_AGGRESSIVE;
				CLANG_WARN_UNREACHABLE_CODE = YES;
				CLANG_WARN__DUPLICATE_METHOD_MATCH = YES;
				COPY_PHASE_STRIP = NO;
				DEBUG_INFORMATION_FORMAT = "dwarf-with-dsym";
				ENABLE_NS_ASSERTIONS = NO;
				ENABLE_STRICT_OBJC_MSGSEND = YES;
				GCC_C_LANGUAGE_STANDARD = gnu11;
				GCC_NO_COMMON_BLOCKS = YES;
				GCC_WARN_64_TO_32_BIT_CONVERSION = YES;
				GCC_WARN_ABOUT_RETURN_TYPE = YES_ERROR;
				GCC_WARN_UNDECLARED_SELECTOR = YES;
				GCC_WARN_UNINITIALIZED_AUTOS = YES_AGGRESSIVE;
				GCC_WARN_UNUSED_FUNCTION = YES;
				GCC_WARN_UNUSED_VARIABLE = YES;
				IPHONEOS_DEPLOYMENT_TARGET = 15.0;
				MTL_ENABLE_DEBUG_INFO = NO;
				MTL_FAST_MATH = YES;
				SDKROOT = iphoneos;
				SWIFT_COMPILATION_MODE = wholemodule;
				SWIFT_OPTIMIZATION_LEVEL = "-O";
				VALIDATE_PRODUCT = YES;
			};
			name = Release;
		};
		F44777612707414700D0FC7B /* Debug */ = {
			isa = XCBuildConfiguration;
			buildSettings = {
				ASSETCATALOG_COMPILER_APPICON_NAME = AppIcon;
				ASSETCATALOG_COMPILER_GLOBAL_ACCENT_COLOR_NAME = AccentColor;
				CODE_SIGN_STYLE = Automatic;
				CURRENT_PROJECT_VERSION = 1;
				DEVELOPMENT_TEAM = C5676RKFWG;
				GENERATE_INFOPLIST_FILE = YES;
				INFOPLIST_FILE = TweetFeelings/Assets/Info.plist;
				INFOPLIST_KEY_UIApplicationSupportsIndirectInputEvents = YES;
				INFOPLIST_KEY_UILaunchStoryboardName = LaunchScreen;
				INFOPLIST_KEY_UISupportedInterfaceOrientations_iPad = "UIInterfaceOrientationPortrait UIInterfaceOrientationPortraitUpsideDown UIInterfaceOrientationLandscapeLeft UIInterfaceOrientationLandscapeRight";
				INFOPLIST_KEY_UISupportedInterfaceOrientations_iPhone = "UIInterfaceOrientationPortrait UIInterfaceOrientationLandscapeLeft UIInterfaceOrientationLandscapeRight";
				LD_RUNPATH_SEARCH_PATHS = (
					"$(inherited)",
					"@executable_path/Frameworks",
				);
				MARKETING_VERSION = 1.0;
				PRODUCT_BUNDLE_IDENTIFIER = com.andreParente.TweetFeelings;
				PRODUCT_NAME = "$(TARGET_NAME)";
				SWIFT_EMIT_LOC_STRINGS = YES;
				SWIFT_VERSION = 5.0;
				TARGETED_DEVICE_FAMILY = "1,2";
			};
			name = Debug;
		};
		F44777622707414700D0FC7B /* Release */ = {
			isa = XCBuildConfiguration;
			buildSettings = {
				ASSETCATALOG_COMPILER_APPICON_NAME = AppIcon;
				ASSETCATALOG_COMPILER_GLOBAL_ACCENT_COLOR_NAME = AccentColor;
				CODE_SIGN_STYLE = Automatic;
				CURRENT_PROJECT_VERSION = 1;
				DEVELOPMENT_TEAM = C5676RKFWG;
				GENERATE_INFOPLIST_FILE = YES;
				INFOPLIST_FILE = TweetFeelings/Assets/Info.plist;
				INFOPLIST_KEY_UIApplicationSupportsIndirectInputEvents = YES;
				INFOPLIST_KEY_UILaunchStoryboardName = LaunchScreen;
				INFOPLIST_KEY_UISupportedInterfaceOrientations_iPad = "UIInterfaceOrientationPortrait UIInterfaceOrientationPortraitUpsideDown UIInterfaceOrientationLandscapeLeft UIInterfaceOrientationLandscapeRight";
				INFOPLIST_KEY_UISupportedInterfaceOrientations_iPhone = "UIInterfaceOrientationPortrait UIInterfaceOrientationLandscapeLeft UIInterfaceOrientationLandscapeRight";
				LD_RUNPATH_SEARCH_PATHS = (
					"$(inherited)",
					"@executable_path/Frameworks",
				);
				MARKETING_VERSION = 1.0;
				PRODUCT_BUNDLE_IDENTIFIER = com.andreParente.TweetFeelings;
				PRODUCT_NAME = "$(TARGET_NAME)";
				SWIFT_EMIT_LOC_STRINGS = YES;
				SWIFT_VERSION = 5.0;
				TARGETED_DEVICE_FAMILY = "1,2";
			};
			name = Release;
		};
/* End XCBuildConfiguration section */

/* Begin XCConfigurationList section */
		F405AEDD270B453B00DE3834 /* Build configuration list for PBXNativeTarget "TweetFeelingsTests" */ = {
			isa = XCConfigurationList;
			buildConfigurations = (
				F405AEDE270B453B00DE3834 /* Debug */,
				F405AEDF270B453B00DE3834 /* Release */,
			);
			defaultConfigurationIsVisible = 0;
			defaultConfigurationName = Release;
		};
		F44777312707414500D0FC7B /* Build configuration list for PBXProject "TweetFeelings" */ = {
			isa = XCConfigurationList;
			buildConfigurations = (
				F447775E2707414700D0FC7B /* Debug */,
				F447775F2707414700D0FC7B /* Release */,
			);
			defaultConfigurationIsVisible = 0;
			defaultConfigurationName = Release;
		};
		F44777602707414700D0FC7B /* Build configuration list for PBXNativeTarget "TweetFeelings" */ = {
			isa = XCConfigurationList;
			buildConfigurations = (
				F44777612707414700D0FC7B /* Debug */,
				F44777622707414700D0FC7B /* Release */,
			);
			defaultConfigurationIsVisible = 0;
			defaultConfigurationName = Release;
		};
/* End XCConfigurationList section */

/* Begin XCRemoteSwiftPackageReference section */
		F405AECC270B423000DE3834 /* XCRemoteSwiftPackageReference "swift-snapshot-testing" */ = {
			isa = XCRemoteSwiftPackageReference;
			repositoryURL = "https://github.com/pointfreeco/swift-snapshot-testing.git";
			requirement = {
				kind = upToNextMajorVersion;
				minimumVersion = 1.0.0;
			};
		};
		F43C2B012707811100B6B7C0 /* XCRemoteSwiftPackageReference "SnapKit" */ = {
			isa = XCRemoteSwiftPackageReference;
			repositoryURL = "https://github.com/SnapKit/SnapKit.git";
			requirement = {
				kind = upToNextMajorVersion;
				minimumVersion = 5.0.1;
			};
		};
/* End XCRemoteSwiftPackageReference section */

/* Begin XCSwiftPackageProductDependency section */
		F405AEE4270B456700DE3834 /* SnapshotTesting */ = {
			isa = XCSwiftPackageProductDependency;
			package = F405AECC270B423000DE3834 /* XCRemoteSwiftPackageReference "swift-snapshot-testing" */;
			productName = SnapshotTesting;
		};
		F405AEEC270B488900DE3834 /* SnapshotTesting */ = {
			isa = XCSwiftPackageProductDependency;
			package = F405AECC270B423000DE3834 /* XCRemoteSwiftPackageReference "swift-snapshot-testing" */;
			productName = SnapshotTesting;
		};
		F43C2B022707811100B6B7C0 /* SnapKit */ = {
			isa = XCSwiftPackageProductDependency;
			package = F43C2B012707811100B6B7C0 /* XCRemoteSwiftPackageReference "SnapKit" */;
			productName = SnapKit;
		};
/* End XCSwiftPackageProductDependency section */
	};
	rootObject = F447772E2707414500D0FC7B /* Project object */;
}
